
Microsoft Visual Studio Solution File, Format Version 12.00
# Visual Studio Version 16
VisualStudioVersion = 16.0.30717.126
MinimumVisualStudioVersion = 10.0.40219.1
Project("{FAE04EC0-301F-11D3-BF4B-00C04F79EFBC}") = "Intranet", "Intranet.csproj", "{77D89EC4-CA27-4847-B720-BD18737B6743}"
EndProject
Global
	GlobalSection(SolutionConfigurationPlatforms) = preSolution
		Debug|Any CPU = Debug|Any CPU
		Release|Any CPU = Release|Any CPU
	EndGlobalSection
	GlobalSection(ProjectConfigurationPlatforms) = postSolution
		{77D89EC4-CA27-4847-B720-BD18737B6743}.Debug|Any CPU.ActiveCfg = Debug|Any CPU
		{77D89EC4-CA27-4847-B720-BD18737B6743}.Debug|Any CPU.Build.0 = Debug|Any CPU
		{77D89EC4-CA27-4847-B720-BD18737B6743}.Release|Any CPU.ActiveCfg = Release|Any CPU
		{77D89EC4-CA27-4847-B720-BD18737B6743}.Release|Any CPU.Build.0 = Release|Any CPU
	EndGlobalSection
	GlobalSection(SolutionProperties) = preSolution
		HideSolutionNode = FALSE
	EndGlobalSection
	GlobalSection(ExtensibilityGlobals) = postSolution
		SolutionGuid = {B70C333D-3246-4873-AD6C-2C3BA2BC7B3F}
	EndGlobalSection
EndGlobal
